<?xml version="1.0" encoding="utf-8"?>
<Project ToolsVersion="4.0" xmlns="http://schemas.microsoft.com/developer/msbuild/2003">
  <ItemGroup>
    <ClCompile Include="src\ofApp.cpp">
      <Filter>src</Filter>
    </ClCompile>
    <ClCompile Include="src\main.cpp">
      <Filter>src</Filter>
    </ClCompile>
    <ClCompile Include="..\..\..\..\..\..\Program Files\of_v0.11.0_vs2017_release\of_v0.11.0_vs2017_release\addons\ofxGui\src\ofxBaseGui.cpp">
      <Filter>addons\ofxGui\src</Filter>
    </ClCompile>
    <ClCompile Include="..\..\..\..\..\..\Program Files\of_v0.11.0_vs2017_release\of_v0.11.0_vs2017_release\addons\ofxGui\src\ofxButton.cpp">
      <Filter>addons\ofxGui\src</Filter>
    </ClCompile>
    <ClCompile Include="..\..\..\..\..\..\Program Files\of_v0.11.0_vs2017_release\of_v0.11.0_vs2017_release\addons\ofxGui\src\ofxColorPicker.cpp">
      <Filter>addons\ofxGui\src</Filter>
    </ClCompile>
    <ClCompile Include="..\..\..\..\..\..\Program Files\of_v0.11.0_vs2017_release\of_v0.11.0_vs2017_release\addons\ofxGui\src\ofxGuiGroup.cpp">
      <Filter>addons\ofxGui\src</Filter>
    </ClCompile>
    <ClCompile Include="..\..\..\..\..\..\Program Files\of_v0.11.0_vs2017_release\of_v0.11.0_vs2017_release\addons\ofxGui\src\ofxInputField.cpp">
      <Filter>addons\ofxGui\src</Filter>
    </ClCompile>
    <ClCompile Include="..\..\..\..\..\..\Program Files\of_v0.11.0_vs2017_release\of_v0.11.0_vs2017_release\addons\ofxGui\src\ofxLabel.cpp">
      <Filter>addons\ofxGui\src</Filter>
    </ClCompile>
    <ClCompile Include="..\..\..\..\..\..\Program Files\of_v0.11.0_vs2017_release\of_v0.11.0_vs2017_release\addons\ofxGui\src\ofxPanel.cpp">
      <Filter>addons\ofxGui\src</Filter>
    </ClCompile>
    <ClCompile Include="..\..\..\..\..\..\Program Files\of_v0.11.0_vs2017_release\of_v0.11.0_vs2017_release\addons\ofxGui\src\ofxSlider.cpp">
      <Filter>addons\ofxGui\src</Filter>
    </ClCompile>
    <ClCompile Include="..\..\..\..\..\..\Program Files\of_v0.11.0_vs2017_release\of_v0.11.0_vs2017_release\addons\ofxGui\src\ofxSliderGroup.cpp">
      <Filter>addons\ofxGui\src</Filter>
    </ClCompile>
    <ClCompile Include="..\..\..\..\..\..\Program Files\of_v0.11.0_vs2017_release\of_v0.11.0_vs2017_release\addons\ofxGui\src\ofxToggle.cpp">
      <Filter>addons\ofxGui\src</Filter>
    </ClCompile>
    <ClCompile Include="src\Overlay.cpp">
      <Filter>src</Filter>
    </ClCompile>
    <ClCompile Include="src\Layer.cpp">
      <Filter>src</Filter>
    </ClCompile>
    <ClCompile Include="src\Scenes\Growth Models\DiffLine.cpp">
      <Filter>src</Filter>
    </ClCompile>
    <ClCompile Include="src\Scenes\Growth Models\DLA.cpp">
      <Filter>src</Filter>
    </ClCompile>
    <ClCompile Include="src\Scenes\Growth Models\Node.cpp">
      <Filter>src</Filter>
    </ClCompile>
    <ClCompile Include="src\Scenes\Growth Models\RandomWalker.cpp">
      <Filter>src</Filter>
    </ClCompile>
    <ClCompile Include="src\Scenes\Particle Systems\Boids.cpp">
      <Filter>src</Filter>
    </ClCompile>
    <ClCompile Include="src\Scenes\Shader Experimentations\DomainWarping.cpp">
      <Filter>src</Filter>
    </ClCompile>
    <ClCompile Include="src\Scenes\Shader Experimentations\Julia2D.cpp">
      <Filter>src</Filter>
    </ClCompile>
    <ClCompile Include="src\Scenes\Shader Experimentations\ShaderTest.cpp">
      <Filter>src</Filter>
    </ClCompile>
    <ClCompile Include="src\Scenes\Shader Experimentations\SimplexTerrain.cpp">
      <Filter>src</Filter>
    </ClCompile>
    <ClCompile Include="src\Scenes\DefaultScene.cpp">
      <Filter>src</Filter>
    </ClCompile>
    <ClCompile Include="src\LayerFactory.cpp">
      <Filter>src</Filter>
    </ClCompile>
    <ClCompile Include="src\Scenes\Growth Models\SpaceColonization\SCBranch.cpp">
      <Filter>src</Filter>
    </ClCompile>
    <ClCompile Include="src\Scenes\Growth Models\SpaceColonization\SCLeaf.cpp">
      <Filter>src</Filter>
    </ClCompile>
    <ClCompile Include="src\Scenes\Growth Models\SpaceColonization\SCTree.cpp">
      <Filter>src</Filter>
    </ClCompile>
    <ClCompile Include="src\Scenes\Growth Models\SpaceColonization\SpaceColonization.cpp">
      <Filter>src</Filter>
    </ClCompile>
  </ItemGroup>
  <ItemGroup>
    <Filter Include="src">
      <UniqueIdentifier>{d8376475-7454-4a24-b08a-aac121d3ad6f}</UniqueIdentifier>
    </Filter>
    <Filter Include="addons">
      <UniqueIdentifier>{03c2f463-79cb-4b30-ac40-2aa7af8d503c}</UniqueIdentifier>
    </Filter>
    <Filter Include="addons\ofxGui">
      <UniqueIdentifier>{50d105b0-fd1d-4aa0-bd70-78f730e5662d}</UniqueIdentifier>
    </Filter>
    <Filter Include="addons\ofxGui\src">
      <UniqueIdentifier>{4fb57524-3b4f-4f89-b5f8-000c84a42b60}</UniqueIdentifier>
    </Filter>
  </ItemGroup>
  <ItemGroup>
    <ClInclude Include="src\ofApp.h">
      <Filter>src</Filter>
    </ClInclude>
    <ClInclude Include="..\..\..\..\..\..\Program Files\of_v0.11.0_vs2017_release\of_v0.11.0_vs2017_release\addons\ofxGui\src\ofxBaseGui.h">
      <Filter>addons\ofxGui\src</Filter>
    </ClInclude>
    <ClInclude Include="..\..\..\..\..\..\Program Files\of_v0.11.0_vs2017_release\of_v0.11.0_vs2017_release\addons\ofxGui\src\ofxButton.h">
      <Filter>addons\ofxGui\src</Filter>
    </ClInclude>
    <ClInclude Include="..\..\..\..\..\..\Program Files\of_v0.11.0_vs2017_release\of_v0.11.0_vs2017_release\addons\ofxGui\src\ofxColorPicker.h">
      <Filter>addons\ofxGui\src</Filter>
    </ClInclude>
    <ClInclude Include="..\..\..\..\..\..\Program Files\of_v0.11.0_vs2017_release\of_v0.11.0_vs2017_release\addons\ofxGui\src\ofxGui.h">
      <Filter>addons\ofxGui\src</Filter>
    </ClInclude>
    <ClInclude Include="..\..\..\..\..\..\Program Files\of_v0.11.0_vs2017_release\of_v0.11.0_vs2017_release\addons\ofxGui\src\ofxGuiGroup.h">
      <Filter>addons\ofxGui\src</Filter>
    </ClInclude>
    <ClInclude Include="..\..\..\..\..\..\Program Files\of_v0.11.0_vs2017_release\of_v0.11.0_vs2017_release\addons\ofxGui\src\ofxGuiUtils.h">
      <Filter>addons\ofxGui\src</Filter>
    </ClInclude>
    <ClInclude Include="..\..\..\..\..\..\Program Files\of_v0.11.0_vs2017_release\of_v0.11.0_vs2017_release\addons\ofxGui\src\ofxInputField.h">
      <Filter>addons\ofxGui\src</Filter>
    </ClInclude>
    <ClInclude Include="..\..\..\..\..\..\Program Files\of_v0.11.0_vs2017_release\of_v0.11.0_vs2017_release\addons\ofxGui\src\ofxLabel.h">
      <Filter>addons\ofxGui\src</Filter>
    </ClInclude>
    <ClInclude Include="..\..\..\..\..\..\Program Files\of_v0.11.0_vs2017_release\of_v0.11.0_vs2017_release\addons\ofxGui\src\ofxPanel.h">
      <Filter>addons\ofxGui\src</Filter>
    </ClInclude>
    <ClInclude Include="..\..\..\..\..\..\Program Files\of_v0.11.0_vs2017_release\of_v0.11.0_vs2017_release\addons\ofxGui\src\ofxSlider.h">
      <Filter>addons\ofxGui\src</Filter>
    </ClInclude>
    <ClInclude Include="..\..\..\..\..\..\Program Files\of_v0.11.0_vs2017_release\of_v0.11.0_vs2017_release\addons\ofxGui\src\ofxSliderGroup.h">
      <Filter>addons\ofxGui\src</Filter>
    </ClInclude>
    <ClInclude Include="..\..\..\..\..\..\Program Files\of_v0.11.0_vs2017_release\of_v0.11.0_vs2017_release\addons\ofxGui\src\ofxToggle.h">
      <Filter>addons\ofxGui\src</Filter>
    </ClInclude>
    <ClInclude Include="src\Overlay.h">
      <Filter>src</Filter>
    </ClInclude>
    <ClInclude Include="src\Layer.h">
      <Filter>src</Filter>
    </ClInclude>
    <ClInclude Include="src\Scenes\Growth Models\DiffLine.h">
      <Filter>src</Filter>
    </ClInclude>
    <ClInclude Include="src\Scenes\Growth Models\DLA.h">
      <Filter>src</Filter>
    </ClInclude>
    <ClInclude Include="src\Scenes\Growth Models\Node.h">
      <Filter>src</Filter>
    </ClInclude>
    <ClInclude Include="src\Scenes\Growth Models\RandomWalker.h">
      <Filter>src</Filter>
    </ClInclude>
    <ClInclude Include="src\Scenes\Particle Systems\Boids.h">
      <Filter>src</Filter>
    </ClInclude>
    <ClInclude Include="src\Scenes\Shader Experimentations\DomainWarping.h">
      <Filter>src</Filter>
    </ClInclude>
    <ClInclude Include="src\Scenes\Shader Experimentations\Julia2D.h">
      <Filter>src</Filter>
    </ClInclude>
    <ClInclude Include="src\Scenes\Shader Experimentations\ShaderTest.h">
      <Filter>src</Filter>
    </ClInclude>
    <ClInclude Include="src\Scenes\Shader Experimentations\SimplexTerrain.h">
      <Filter>src</Filter>
    </ClInclude>
    <ClInclude Include="src\Scenes\DefaultScene.h">
      <Filter>src</Filter>
    </ClInclude>
    <ClInclude Include="src\LayerFactory.h">
      <Filter>src</Filter>
    </ClInclude>
    <ClInclude Include="src\Scenes\Growth Models\SpaceColonization\SCBranch.h">
      <Filter>src</Filter>
    </ClInclude>
    <ClInclude Include="src\Scenes\Growth Models\SpaceColonization\SCLeaf.h">
      <Filter>src</Filter>
    </ClInclude>
    <ClInclude Include="src\Scenes\Growth Models\SpaceColonization\SCTree.h">
      <Filter>src</Filter>
    </ClInclude>
    <ClInclude Include="src\Scenes\Growth Models\SpaceColonization\SpaceColonization.h">
      <Filter>src</Filter>
    </ClInclude>
  </ItemGroup>
  <ItemGroup>
    <ResourceCompile Include="icon.rc" />
  </ItemGroup>
  <ItemGroup>
    <None Include="bin\data\shaders\Julia2D\shader.frag">
      <Filter>src</Filter>
    </None>
    <None Include="bin\data\shaders\Julia2D\shader.vert">
      <Filter>src</Filter>
    </None>
    <None Include="bin\data\shaders\DomainWarping\domainwarping.frag">
      <Filter>src</Filter>
    </None>
    <None Include="bin\data\shaders\DomainWarping\domainwarping.vert">
      <Filter>src</Filter>
    </None>
    <None Include="bin\data\shaders\ShaderTest\shaderTest.frag">
      <Filter>src</Filter>
    </None>
    <None Include="bin\data\shaders\ShaderTest\shaderTest.vert">
      <Filter>src</Filter>
    </None>
    <None Include="bin\data\shaders\DefaultScene\defaultScene.frag">
      <Filter>src</Filter>
    </None>
    <None Include="bin\data\shaders\SimplexTerrain\simplexTerrain.frag">
      <Filter>src</Filter>
    </None>
    <None Include="bin\data\shaders\SimplexTerrain\simplexTerrain.vert">
      <Filter>src</Filter>
    </None>
    <None Include="bin\data\shaders\Noise\perlin.glsl">
      <Filter>src</Filter>
    </None>
    <None Include="bin\data\shaders\Noise\simplex.glsl">
      <Filter>src</Filter>
    </None>
  </ItemGroup>
</Project>